
Microsoft Visual Studio Solution File, Format Version 12.00
# Visual Studio 15
VisualStudioVersion = 15.0.28307.757
MinimumVisualStudioVersion = 10.0.40219.1
Project("{FAE04EC0-301F-11D3-BF4B-00C04F79EFBC}") = "SeleniumtrainingAug", "SeleniumtrainingAug\SeleniumtrainingAug.csproj", "{0E6AB212-2186-4882-B09E-0CB88C2497FB}"
EndProject
Project("{FAE04EC0-301F-11D3-BF4B-00C04F79EFBC}") = "AutomationPracticeSite", "AutomationPracticeSite\AutomationPracticeSite.csproj", "{63EAF36D-68DD-4C29-B92F-B435C9118A7D}"
EndProject
Global
	GlobalSection(SolutionConfigurationPlatforms) = preSolution
		Debug|Any CPU = Debug|Any CPU
		Release|Any CPU = Release|Any CPU
	EndGlobalSection
	GlobalSection(ProjectConfigurationPlatforms) = postSolution
		{0E6AB212-2186-4882-B09E-0CB88C2497FB}.Debug|Any CPU.ActiveCfg = Debug|Any CPU
		{0E6AB212-2186-4882-B09E-0CB88C2497FB}.Debug|Any CPU.Build.0 = Debug|Any CPU
		{0E6AB212-2186-4882-B09E-0CB88C2497FB}.Release|Any CPU.ActiveCfg = Release|Any CPU
		{0E6AB212-2186-4882-B09E-0CB88C2497FB}.Release|Any CPU.Build.0 = Release|Any CPU
		{63EAF36D-68DD-4C29-B92F-B435C9118A7D}.Debug|Any CPU.ActiveCfg = Debug|Any CPU
		{63EAF36D-68DD-4C29-B92F-B435C9118A7D}.Debug|Any CPU.Build.0 = Debug|Any CPU
		{63EAF36D-68DD-4C29-B92F-B435C9118A7D}.Release|Any CPU.ActiveCfg = Release|Any CPU
		{63EAF36D-68DD-4C29-B92F-B435C9118A7D}.Release|Any CPU.Build.0 = Release|Any CPU
	EndGlobalSection
	GlobalSection(SolutionProperties) = preSolution
		HideSolutionNode = FALSE
	EndGlobalSection
	GlobalSection(ExtensibilityGlobals) = postSolution
		SolutionGuid = {C3B2D19B-23B9-46A3-B4D4-BF8112E7F7CC}
	EndGlobalSection
EndGlobal
